dependencies:
  elf_loader:
    dependencies: []
    source:
      path: /home/tikhon/Gearbox/components/elf_loader
      type: local
    version: 1.0.0
  espressif/cmake_utilities:
    component_hash: 351350613ceafba240b761b4ea991e0f231ac7a9f59a9ee901f751bddc0bb18f
    dependencies:
    - name: idf
      require: private
      version: '>=4.1'
    source:
      registry_url: https://components.espressif.com/
      type: service
    version: 0.5.3
  idf:
    source:
      type: idf
    version: 5.5.0
  jkent/ramfs:
    component_hash: 3d368fc2bf08400fc61ce5748cefdcf541e2b34d99e6f0a16f1a27ec1d1f793c
    dependencies:
    - name: idf
      require: private
      version: '>=5.0.0'
    source:
      registry_url: https://components.espressif.com/
      type: service
    version: 0.1.0
direct_dependencies:
- espressif/cmake_utilities
- espressif/elf_loader
- idf
- jkent/ramfs
manifest_hash: 60135362a8842070b5e921a5dadc9cba3fc4e01bd4dd01c1c22bea603699d6de
target: esp32
version: 2.0.0
